// !$*UTF8*$!
{
	archiveVersion = 1;
	classes = {
	};
	objectVersion = 46;
	objects = {

/* Begin PBXBuildFile section */
		302CF9056FDCC4BA236BBF49 /* Pods_Contri.framework in Frameworks */ = {isa = PBXBuildFile; fileRef = A1622D3F0BDE072118CBA338 /* Pods_Contri.framework */; };
		A27771311F2CE9BA00BBDA14 /* SummaryViewController.swift in Sources */ = {isa = PBXBuildFile; fileRef = A27771301F2CE9BA00BBDA14 /* SummaryViewController.swift */; };
		A27771331F2CE9C800BBDA14 /* RankingViewController.swift in Sources */ = {isa = PBXBuildFile; fileRef = A27771321F2CE9C800BBDA14 /* RankingViewController.swift */; };
		A27771371F2CEA9C00BBDA14 /* LoginViewController.swift in Sources */ = {isa = PBXBuildFile; fileRef = A27771361F2CEA9C00BBDA14 /* LoginViewController.swift */; };
		A277713A1F2CEFFC00BBDA14 /* Localizable.strings in Resources */ = {isa = PBXBuildFile; fileRef = A277713C1F2CEFFC00BBDA14 /* Localizable.strings */; };
		A27771401F2CF1F300BBDA14 /* String+ex.swift in Sources */ = {isa = PBXBuildFile; fileRef = A277713F1F2CF1F300BBDA14 /* String+ex.swift */; };
		A27771421F2CF44E00BBDA14 /* MainTabBarController.swift in Sources */ = {isa = PBXBuildFile; fileRef = A27771411F2CF44E00BBDA14 /* MainTabBarController.swift */; };
		A27771441F2CF9B600BBDA14 /* LoginModel.swift in Sources */ = {isa = PBXBuildFile; fileRef = A27771431F2CF9B600BBDA14 /* LoginModel.swift */; };
		A277714B1F2D0D5700BBDA14 /* CircleImageView.swift in Sources */ = {isa = PBXBuildFile; fileRef = A277714A1F2D0D5700BBDA14 /* CircleImageView.swift */; };
		A277714D1F2D107F00BBDA14 /* CircleView.swift in Sources */ = {isa = PBXBuildFile; fileRef = A277714C1F2D107F00BBDA14 /* CircleView.swift */; };
		A27771501F2D17EF00BBDA14 /* ProfileViewController.swift in Sources */ = {isa = PBXBuildFile; fileRef = A277714F1F2D17EF00BBDA14 /* ProfileViewController.swift */; };
		A27771521F2D181400BBDA14 /* MainViewController.swift in Sources */ = {isa = PBXBuildFile; fileRef = A27771511F2D181400BBDA14 /* MainViewController.swift */; };
		A27771541F2D18B900BBDA14 /* SponsorshipSummaryViewController.swift in Sources */ = {isa = PBXBuildFile; fileRef = A27771531F2D18B900BBDA14 /* SponsorshipSummaryViewController.swift */; };
		A27771561F2D18CD00BBDA14 /* JoinSummaryViewController.swift in Sources */ = {isa = PBXBuildFile; fileRef = A27771551F2D18CD00BBDA14 /* JoinSummaryViewController.swift */; };
		A27771581F2D1EFF00BBDA14 /* UIColor+ex.swift in Sources */ = {isa = PBXBuildFile; fileRef = A27771571F2D1EFF00BBDA14 /* UIColor+ex.swift */; };
		A277715A1F2D26D500BBDA14 /* ContriNavigationController.swift in Sources */ = {isa = PBXBuildFile; fileRef = A27771591F2D26D500BBDA14 /* ContriNavigationController.swift */; };
		A277715C1F2D290000BBDA14 /* SettingViewController.swift in Sources */ = {isa = PBXBuildFile; fileRef = A277715B1F2D290000BBDA14 /* SettingViewController.swift */; };
		A27771611F2DA05D00BBDA14 /* SponsorshipTable.swift in Sources */ = {isa = PBXBuildFile; fileRef = A27771601F2DA05D00BBDA14 /* SponsorshipTable.swift */; };
		A27771641F2DA12300BBDA14 /* SponsorshipTableCell.swift in Sources */ = {isa = PBXBuildFile; fileRef = A27771621F2DA12300BBDA14 /* SponsorshipTableCell.swift */; };
		A27771651F2DA12300BBDA14 /* SponsorshipTableCell.xib in Resources */ = {isa = PBXBuildFile; fileRef = A27771631F2DA12300BBDA14 /* SponsorshipTableCell.xib */; };
		A27771681F2DBD0D00BBDA14 /* JoinTableCell.swift in Sources */ = {isa = PBXBuildFile; fileRef = A27771661F2DBD0D00BBDA14 /* JoinTableCell.swift */; };
		A27771691F2DBD0D00BBDA14 /* JoinTableCell.xib in Resources */ = {isa = PBXBuildFile; fileRef = A27771671F2DBD0D00BBDA14 /* JoinTableCell.xib */; };
		A277716B1F2DBD2400BBDA14 /* JoinTable.swift in Sources */ = {isa = PBXBuildFile; fileRef = A277716A1F2DBD2400BBDA14 /* JoinTable.swift */; };
		A2FB8AFB1F2B505B00F20C20 /* AppDelegate.swift in Sources */ = {isa = PBXBuildFile; fileRef = A2FB8AED1F2B505B00F20C20 /* AppDelegate.swift */; };
		A2FB8AFE1F2B505B00F20C20 /* Assets.xcassets in Resources */ = {isa = PBXBuildFile; fileRef = A2FB8AF31F2B505B00F20C20 /* Assets.xcassets */; };
		A2FB8AFF1F2B505B00F20C20 /* LaunchScreen.storyboard in Resources */ = {isa = PBXBuildFile; fileRef = A2FB8AF51F2B505B00F20C20 /* LaunchScreen.storyboard */; };
		A2FB8B001F2B505B00F20C20 /* Main.storyboard in Resources */ = {isa = PBXBuildFile; fileRef = A2FB8AF71F2B505B00F20C20 /* Main.storyboard */; };
/* End PBXBuildFile section */

/* Begin PBXFileReference section */
		205C09492ADD92C55490EB28 /* Pods-Contri.debug.xcconfig */ = {isa = PBXFileReference; includeInIndex = 1; lastKnownFileType = text.xcconfig; name = "Pods-Contri.debug.xcconfig"; path = "Pods/Target Support Files/Pods-Contri/Pods-Contri.debug.xcconfig"; sourceTree = "<group>"; };
		882F50FAA2F3D0527CEDDE64 /* Pods-Contri.release.xcconfig */ = {isa = PBXFileReference; includeInIndex = 1; lastKnownFileType = text.xcconfig; name = "Pods-Contri.release.xcconfig"; path = "Pods/Target Support Files/Pods-Contri/Pods-Contri.release.xcconfig"; sourceTree = "<group>"; };
		A1622D3F0BDE072118CBA338 /* Pods_Contri.framework */ = {isa = PBXFileReference; explicitFileType = wrapper.framework; includeInIndex = 0; path = Pods_Contri.framework; sourceTree = BUILT_PRODUCTS_DIR; };
		A27771301F2CE9BA00BBDA14 /* SummaryViewController.swift */ = {isa = PBXFileReference; fileEncoding = 4; lastKnownFileType = sourcecode.swift; path = SummaryViewController.swift; sourceTree = "<group>"; };
		A27771321F2CE9C800BBDA14 /* RankingViewController.swift */ = {isa = PBXFileReference; fileEncoding = 4; lastKnownFileType = sourcecode.swift; path = RankingViewController.swift; sourceTree = "<group>"; };
		A27771361F2CEA9C00BBDA14 /* LoginViewController.swift */ = {isa = PBXFileReference; fileEncoding = 4; lastKnownFileType = sourcecode.swift; path = LoginViewController.swift; sourceTree = "<group>"; };
		A277713B1F2CEFFC00BBDA14 /* Base */ = {isa = PBXFileReference; lastKnownFileType = text.plist.strings; name = Base; path = Base.lproj/Localizable.strings; sourceTree = "<group>"; };
		A277713D1F2CF01200BBDA14 /* ja */ = {isa = PBXFileReference; lastKnownFileType = text.plist.strings; name = ja; path = ja.lproj/Localizable.strings; sourceTree = "<group>"; };
		A277713F1F2CF1F300BBDA14 /* String+ex.swift */ = {isa = PBXFileReference; fileEncoding = 4; lastKnownFileType = sourcecode.swift; path = "String+ex.swift"; sourceTree = "<group>"; };
		A27771411F2CF44E00BBDA14 /* MainTabBarController.swift */ = {isa = PBXFileReference; fileEncoding = 4; lastKnownFileType = sourcecode.swift; path = MainTabBarController.swift; sourceTree = "<group>"; };
		A27771431F2CF9B600BBDA14 /* LoginModel.swift */ = {isa = PBXFileReference; fileEncoding = 4; lastKnownFileType = sourcecode.swift; path = LoginModel.swift; sourceTree = "<group>"; };
		A277714A1F2D0D5700BBDA14 /* CircleImageView.swift */ = {isa = PBXFileReference; fileEncoding = 4; lastKnownFileType = sourcecode.swift; path = CircleImageView.swift; sourceTree = "<group>"; };
		A277714C1F2D107F00BBDA14 /* CircleView.swift */ = {isa = PBXFileReference; fileEncoding = 4; lastKnownFileType = sourcecode.swift; path = CircleView.swift; sourceTree = "<group>"; };
		A277714F1F2D17EF00BBDA14 /* ProfileViewController.swift */ = {isa = PBXFileReference; fileEncoding = 4; lastKnownFileType = sourcecode.swift; path = ProfileViewController.swift; sourceTree = "<group>"; };
		A27771511F2D181400BBDA14 /* MainViewController.swift */ = {isa = PBXFileReference; fileEncoding = 4; lastKnownFileType = sourcecode.swift; path = MainViewController.swift; sourceTree = "<group>"; };
		A27771531F2D18B900BBDA14 /* SponsorshipSummaryViewController.swift */ = {isa = PBXFileReference; fileEncoding = 4; lastKnownFileType = sourcecode.swift; path = SponsorshipSummaryViewController.swift; sourceTree = "<group>"; };
		A27771551F2D18CD00BBDA14 /* JoinSummaryViewController.swift */ = {isa = PBXFileReference; fileEncoding = 4; lastKnownFileType = sourcecode.swift; path = JoinSummaryViewController.swift; sourceTree = "<group>"; };
		A27771571F2D1EFF00BBDA14 /* UIColor+ex.swift */ = {isa = PBXFileReference; fileEncoding = 4; lastKnownFileType = sourcecode.swift; path = "UIColor+ex.swift"; sourceTree = "<group>"; };
		A27771591F2D26D500BBDA14 /* ContriNavigationController.swift */ = {isa = PBXFileReference; fileEncoding = 4; lastKnownFileType = sourcecode.swift; path = ContriNavigationController.swift; sourceTree = "<group>"; };
		A277715B1F2D290000BBDA14 /* SettingViewController.swift */ = {isa = PBXFileReference; fileEncoding = 4; lastKnownFileType = sourcecode.swift; path = SettingViewController.swift; sourceTree = "<group>"; };
		A27771601F2DA05D00BBDA14 /* SponsorshipTable.swift */ = {isa = PBXFileReference; fileEncoding = 4; lastKnownFileType = sourcecode.swift; path = SponsorshipTable.swift; sourceTree = "<group>"; };
		A27771621F2DA12300BBDA14 /* SponsorshipTableCell.swift */ = {isa = PBXFileReference; fileEncoding = 4; lastKnownFileType = sourcecode.swift; path = SponsorshipTableCell.swift; sourceTree = "<group>"; };
		A27771631F2DA12300BBDA14 /* SponsorshipTableCell.xib */ = {isa = PBXFileReference; fileEncoding = 4; lastKnownFileType = file.xib; path = SponsorshipTableCell.xib; sourceTree = "<group>"; };
		A27771661F2DBD0D00BBDA14 /* JoinTableCell.swift */ = {isa = PBXFileReference; fileEncoding = 4; lastKnownFileType = sourcecode.swift; path = JoinTableCell.swift; sourceTree = "<group>"; };
		A27771671F2DBD0D00BBDA14 /* JoinTableCell.xib */ = {isa = PBXFileReference; fileEncoding = 4; lastKnownFileType = file.xib; path = JoinTableCell.xib; sourceTree = "<group>"; };
		A277716A1F2DBD2400BBDA14 /* JoinTable.swift */ = {isa = PBXFileReference; fileEncoding = 4; lastKnownFileType = sourcecode.swift; path = JoinTable.swift; sourceTree = "<group>"; };
		A2FB8AD71F2B4F4B00F20C20 /* Contri.app */ = {isa = PBXFileReference; explicitFileType = wrapper.application; includeInIndex = 0; path = Contri.app; sourceTree = BUILT_PRODUCTS_DIR; };
		A2FB8AED1F2B505B00F20C20 /* AppDelegate.swift */ = {isa = PBXFileReference; fileEncoding = 4; lastKnownFileType = sourcecode.swift; path = AppDelegate.swift; sourceTree = "<group>"; };
		A2FB8AEE1F2B505B00F20C20 /* Info.plist */ = {isa = PBXFileReference; fileEncoding = 4; lastKnownFileType = text.plist.xml; path = Info.plist; sourceTree = "<group>"; };
		A2FB8AF31F2B505B00F20C20 /* Assets.xcassets */ = {isa = PBXFileReference; lastKnownFileType = folder.assetcatalog; path = Assets.xcassets; sourceTree = "<group>"; };
		A2FB8AF61F2B505B00F20C20 /* Base */ = {isa = PBXFileReference; lastKnownFileType = file.storyboard; name = Base; path = Base.lproj/LaunchScreen.storyboard; sourceTree = "<group>"; };
		A2FB8AF81F2B505B00F20C20 /* Base */ = {isa = PBXFileReference; lastKnownFileType = file.storyboard; name = Base; path = Base.lproj/Main.storyboard; sourceTree = "<group>"; };
/* End PBXFileReference section */

/* Begin PBXFrameworksBuildPhase section */
		A2FB8AD41F2B4F4B00F20C20 /* Frameworks */ = {
			isa = PBXFrameworksBuildPhase;
			buildActionMask = 2147483647;
			files = (
				302CF9056FDCC4BA236BBF49 /* Pods_Contri.framework in Frameworks */,
			);
			runOnlyForDeploymentPostprocessing = 0;
		};
/* End PBXFrameworksBuildPhase section */

/* Begin PBXGroup section */
		0F1D8755FF30454632E97E59 /* Frameworks */ = {
			isa = PBXGroup;
			children = (
				A1622D3F0BDE072118CBA338 /* Pods_Contri.framework */,
			);
			name = Frameworks;
			sourceTree = "<group>";
		};
		36D1F29BFD3E19DEF0378412 /* Pods */ = {
			isa = PBXGroup;
			children = (
				205C09492ADD92C55490EB28 /* Pods-Contri.debug.xcconfig */,
				882F50FAA2F3D0527CEDDE64 /* Pods-Contri.release.xcconfig */,
			);
			name = Pods;
			sourceTree = "<group>";
		};
		A277713E1F2CF15E00BBDA14 /* Extension */ = {
			isa = PBXGroup;
			children = (
				A277713F1F2CF1F300BBDA14 /* String+ex.swift */,
				A27771571F2D1EFF00BBDA14 /* UIColor+ex.swift */,
			);
			path = Extension;
			sourceTree = "<group>";
		};
		A27771491F2D0D3800BBDA14 /* Inheritance */ = {
			isa = PBXGroup;
			children = (
				A277714A1F2D0D5700BBDA14 /* CircleImageView.swift */,
				A277714C1F2D107F00BBDA14 /* CircleView.swift */,
			);
			path = Inheritance;
			sourceTree = "<group>";
		};
		A277714E1F2D17EF00BBDA14 /* Profile */ = {
			isa = PBXGroup;
			children = (
				A277714F1F2D17EF00BBDA14 /* ProfileViewController.swift */,
				A27771511F2D181400BBDA14 /* MainViewController.swift */,
				A27771531F2D18B900BBDA14 /* SponsorshipSummaryViewController.swift */,
				A27771551F2D18CD00BBDA14 /* JoinSummaryViewController.swift */,
			);
			path = Profile;
			sourceTree = "<group>";
		};
		A277715D1F2DA03600BBDA14 /* Profile */ = {
			isa = PBXGroup;
			children = (
				A277715F1F2DA03600BBDA14 /* SponsorshipTable */,
				A277715E1F2DA03600BBDA14 /* JoinTable */,
			);
			path = Profile;
			sourceTree = "<group>";
		};
		A277715E1F2DA03600BBDA14 /* JoinTable */ = {
			isa = PBXGroup;
			children = (
				A277716A1F2DBD2400BBDA14 /* JoinTable.swift */,
				A27771661F2DBD0D00BBDA14 /* JoinTableCell.swift */,
				A27771671F2DBD0D00BBDA14 /* JoinTableCell.xib */,
			);
			path = JoinTable;
			sourceTree = "<group>";
		};
		A277715F1F2DA03600BBDA14 /* SponsorshipTable */ = {
			isa = PBXGroup;
			children = (
				A27771601F2DA05D00BBDA14 /* SponsorshipTable.swift */,
				A27771621F2DA12300BBDA14 /* SponsorshipTableCell.swift */,
				A27771631F2DA12300BBDA14 /* SponsorshipTableCell.xib */,
			);
			path = SponsorshipTable;
			sourceTree = "<group>";
		};
		A2FB8ACE1F2B4F4B00F20C20 = {
			isa = PBXGroup;
			children = (
				A2FB8AD91F2B4F4B00F20C20 /* Contri */,
				A2FB8AD81F2B4F4B00F20C20 /* Products */,
				36D1F29BFD3E19DEF0378412 /* Pods */,
				0F1D8755FF30454632E97E59 /* Frameworks */,
			);
			sourceTree = "<group>";
		};
		A2FB8AD81F2B4F4B00F20C20 /* Products */ = {
			isa = PBXGroup;
			children = (
				A2FB8AD71F2B4F4B00F20C20 /* Contri.app */,
			);
			name = Products;
			sourceTree = "<group>";
		};
		A2FB8AD91F2B4F4B00F20C20 /* Contri */ = {
			isa = PBXGroup;
			children = (
				A2FB8AEC1F2B505B00F20C20 /* Application */,
				A2FB8AF11F2B505B00F20C20 /* Model */,
				A2FB8AFA1F2B505B00F20C20 /* View */,
				A2FB8AEF1F2B505B00F20C20 /* Controller */,
				A2FB8AF91F2B505B00F20C20 /* Utility */,
				A2FB8AF41F2B505B00F20C20 /* Storyboard */,
				A2FB8AF21F2B505B00F20C20 /* Resource */,
			);
			path = Contri;
			sourceTree = "<group>";
		};
		A2FB8AEC1F2B505B00F20C20 /* Application */ = {
			isa = PBXGroup;
			children = (
				A2FB8AED1F2B505B00F20C20 /* AppDelegate.swift */,
				A2FB8AEE1F2B505B00F20C20 /* Info.plist */,
				A277713C1F2CEFFC00BBDA14 /* Localizable.strings */,
			);
			path = Application;
			sourceTree = "<group>";
		};
		A2FB8AEF1F2B505B00F20C20 /* Controller */ = {
			isa = PBXGroup;
			children = (
				A27771411F2CF44E00BBDA14 /* MainTabBarController.swift */,
				A27771591F2D26D500BBDA14 /* ContriNavigationController.swift */,
				A27771361F2CEA9C00BBDA14 /* LoginViewController.swift */,
				A27771301F2CE9BA00BBDA14 /* SummaryViewController.swift */,
				A27771321F2CE9C800BBDA14 /* RankingViewController.swift */,
				A277715B1F2D290000BBDA14 /* SettingViewController.swift */,
				A277714E1F2D17EF00BBDA14 /* Profile */,
			);
			path = Controller;
			sourceTree = "<group>";
		};
		A2FB8AF11F2B505B00F20C20 /* Model */ = {
			isa = PBXGroup;
			children = (
				A27771431F2CF9B600BBDA14 /* LoginModel.swift */,
			);
			path = Model;
			sourceTree = "<group>";
		};
		A2FB8AF21F2B505B00F20C20 /* Resource */ = {
			isa = PBXGroup;
			children = (
				A2FB8AF31F2B505B00F20C20 /* Assets.xcassets */,
			);
			path = Resource;
			sourceTree = "<group>";
		};
		A2FB8AF41F2B505B00F20C20 /* Storyboard */ = {
			isa = PBXGroup;
			children = (
				A2FB8AF51F2B505B00F20C20 /* LaunchScreen.storyboard */,
				A2FB8AF71F2B505B00F20C20 /* Main.storyboard */,
			);
			path = Storyboard;
			sourceTree = "<group>";
		};
		A2FB8AF91F2B505B00F20C20 /* Utility */ = {
			isa = PBXGroup;
			children = (
				A277713E1F2CF15E00BBDA14 /* Extension */,
				A27771491F2D0D3800BBDA14 /* Inheritance */,
			);
			path = Utility;
			sourceTree = "<group>";
		};
		A2FB8AFA1F2B505B00F20C20 /* View */ = {
			isa = PBXGroup;
			children = (
				A277715D1F2DA03600BBDA14 /* Profile */,
			);
			path = View;
			sourceTree = "<group>";
		};
/* End PBXGroup section */

/* Begin PBXNativeTarget section */
		A2FB8AD61F2B4F4B00F20C20 /* Contri */ = {
			isa = PBXNativeTarget;
			buildConfigurationList = A2FB8AE91F2B4F4B00F20C20 /* Build configuration list for PBXNativeTarget "Contri" */;
			buildPhases = (
				0566E903A0EED41FD02EC99A /* [CP] Check Pods Manifest.lock */,
				A2FB8AD31F2B4F4B00F20C20 /* Sources */,
				A2FB8AD41F2B4F4B00F20C20 /* Frameworks */,
				A2FB8AD51F2B4F4B00F20C20 /* Resources */,
				DC2D6B094673A67C9E03863F /* [CP] Embed Pods Frameworks */,
				071E3891BF6CB279AE9FF418 /* [CP] Copy Pods Resources */,
			);
			buildRules = (
			);
			dependencies = (
			);
			name = Contri;
			productName = Contri;
			productReference = A2FB8AD71F2B4F4B00F20C20 /* Contri.app */;
			productType = "com.apple.product-type.application";
		};
/* End PBXNativeTarget section */

/* Begin PBXProject section */
		A2FB8ACF1F2B4F4B00F20C20 /* Project object */ = {
			isa = PBXProject;
			attributes = {
				LastSwiftUpdateCheck = 0830;
				LastUpgradeCheck = 0830;
				ORGANIZATIONNAME = "inaba masaya";
				TargetAttributes = {
					A2FB8AD61F2B4F4B00F20C20 = {
						CreatedOnToolsVersion = 8.3.3;
						DevelopmentTeam = XP4ZX6RW5E;
						ProvisioningStyle = Automatic;
					};
				};
			};
			buildConfigurationList = A2FB8AD21F2B4F4B00F20C20 /* Build configuration list for PBXProject "Contri" */;
			compatibilityVersion = "Xcode 3.2";
			developmentRegion = English;
			hasScannedForEncodings = 0;
			knownRegions = (
				en,
				Base,
				ja,
			);
			mainGroup = A2FB8ACE1F2B4F4B00F20C20;
			productRefGroup = A2FB8AD81F2B4F4B00F20C20 /* Products */;
			projectDirPath = "";
			projectRoot = "";
			targets = (
				A2FB8AD61F2B4F4B00F20C20 /* Contri */,
			);
		};
/* End PBXProject section */

/* Begin PBXResourcesBuildPhase section */
		A2FB8AD51F2B4F4B00F20C20 /* Resources */ = {
			isa = PBXResourcesBuildPhase;
			buildActionMask = 2147483647;
			files = (
				A27771691F2DBD0D00BBDA14 /* JoinTableCell.xib in Resources */,
				A2FB8AFF1F2B505B00F20C20 /* LaunchScreen.storyboard in Resources */,
				A277713A1F2CEFFC00BBDA14 /* Localizable.strings in Resources */,
				A2FB8AFE1F2B505B00F20C20 /* Assets.xcassets in Resources */,
				A27771651F2DA12300BBDA14 /* SponsorshipTableCell.xib in Resources */,
				A2FB8B001F2B505B00F20C20 /* Main.storyboard in Resources */,
			);
			runOnlyForDeploymentPostprocessing = 0;
		};
/* End PBXResourcesBuildPhase section */

/* Begin PBXShellScriptBuildPhase section */
		0566E903A0EED41FD02EC99A /* [CP] Check Pods Manifest.lock */ = {
			isa = PBXShellScriptBuildPhase;
			buildActionMask = 2147483647;
			files = (
			);
			inputPaths = (
			);
			name = "[CP] Check Pods Manifest.lock";
			outputPaths = (
			);
			runOnlyForDeploymentPostprocessing = 0;
			shellPath = /bin/sh;
			shellScript = "diff \"${PODS_PODFILE_DIR_PATH}/Podfile.lock\" \"${PODS_ROOT}/Manifest.lock\" > /dev/null\nif [ $? != 0 ] ; then\n    # print error to STDERR\n    echo \"error: The sandbox is not in sync with the Podfile.lock. Run 'pod install' or update your CocoaPods installation.\" >&2\n    exit 1\nfi\n";
			showEnvVarsInLog = 0;
		};
		071E3891BF6CB279AE9FF418 /* [CP] Copy Pods Resources */ = {
			isa = PBXShellScriptBuildPhase;
			buildActionMask = 2147483647;
			files = (
			);
			inputPaths = (
			);
			name = "[CP] Copy Pods Resources";
			outputPaths = (
			);
			runOnlyForDeploymentPostprocessing = 0;
			shellPath = /bin/sh;
			shellScript = "\"${SRCROOT}/Pods/Target Support Files/Pods-Contri/Pods-Contri-resources.sh\"\n";
			showEnvVarsInLog = 0;
		};
		DC2D6B094673A67C9E03863F /* [CP] Embed Pods Frameworks */ = {
			isa = PBXShellScriptBuildPhase;
			buildActionMask = 2147483647;
			files = (
			);
			inputPaths = (
			);
			name = "[CP] Embed Pods Frameworks";
			outputPaths = (
			);
			runOnlyForDeploymentPostprocessing = 0;
			shellPath = /bin/sh;
			shellScript = "\"${SRCROOT}/Pods/Target Support Files/Pods-Contri/Pods-Contri-frameworks.sh\"\n";
			showEnvVarsInLog = 0;
		};
/* End PBXShellScriptBuildPhase section */

/* Begin PBXSourcesBuildPhase section */
		A2FB8AD31F2B4F4B00F20C20 /* Sources */ = {
			isa = PBXSourcesBuildPhase;
			buildActionMask = 2147483647;
			files = (
				A2FB8AFB1F2B505B00F20C20 /* AppDelegate.swift in Sources */,
				A27771521F2D181400BBDA14 /* MainViewController.swift in Sources */,
				A27771581F2D1EFF00BBDA14 /* UIColor+ex.swift in Sources */,
				A277715C1F2D290000BBDA14 /* SettingViewController.swift in Sources */,
				A27771561F2D18CD00BBDA14 /* JoinSummaryViewController.swift in Sources */,
				A27771541F2D18B900BBDA14 /* SponsorshipSummaryViewController.swift in Sources */,
				A277714B1F2D0D5700BBDA14 /* CircleImageView.swift in Sources */,
				A27771501F2D17EF00BBDA14 /* ProfileViewController.swift in Sources */,
				A27771401F2CF1F300BBDA14 /* String+ex.swift in Sources */,
				A27771641F2DA12300BBDA14 /* SponsorshipTableCell.swift in Sources */,
				A27771681F2DBD0D00BBDA14 /* JoinTableCell.swift in Sources */,
				A27771311F2CE9BA00BBDA14 /* SummaryViewController.swift in Sources */,
				A27771421F2CF44E00BBDA14 /* MainTabBarController.swift in Sources */,
				A277714D1F2D107F00BBDA14 /* CircleView.swift in Sources */,
				A277715A1F2D26D500BBDA14 /* ContriNavigationController.swift in Sources */,
				A27771441F2CF9B600BBDA14 /* LoginModel.swift in Sources */,
				A27771371F2CEA9C00BBDA14 /* LoginViewController.swift in Sources */,
				A27771331F2CE9C800BBDA14 /* RankingViewController.swift in Sources */,
				A277716B1F2DBD2400BBDA14 /* JoinTable.swift in Sources */,
				A27771611F2DA05D00BBDA14 /* SponsorshipTable.swift in Sources */,
			);
			runOnlyForDeploymentPostprocessing = 0;
		};
/* End PBXSourcesBuildPhase section */

/* Begin PBXVariantGroup section */
		A277713C1F2CEFFC00BBDA14 /* Localizable.strings */ = {
			isa = PBXVariantGroup;
			children = (
				A277713B1F2CEFFC00BBDA14 /* Base */,
				A277713D1F2CF01200BBDA14 /* ja */,
			);
			name = Localizable.strings;
			sourceTree = "<group>";
		};
		A2FB8AF51F2B505B00F20C20 /* LaunchScreen.storyboard */ = {
			isa = PBXVariantGroup;
			children = (
				A2FB8AF61F2B505B00F20C20 /* Base */,
			);
			name = LaunchScreen.storyboard;
			sourceTree = "<group>";
		};
		A2FB8AF71F2B505B00F20C20 /* Main.storyboard */ = {
			isa = PBXVariantGroup;
			children = (
				A2FB8AF81F2B505B00F20C20 /* Base */,
			);
			name = Main.storyboard;
			sourceTree = "<group>";
		};
/* End PBXVariantGroup section */

/* Begin XCBuildConfiguration section */
		A2FB8AE71F2B4F4B00F20C20 /* Debug */ = {
			isa = XCBuildConfiguration;
			buildSettings = {
				ALWAYS_SEARCH_USER_PATHS = NO;
				CLANG_ANALYZER_LOCALIZABILITY_NONLOCALIZED = YES;
				CLANG_ANALYZER_NONNULL = YES;
				CLANG_ANALYZER_NUMBER_OBJECT_CONVERSION = YES_AGGRESSIVE;
				CLANG_CXX_LANGUAGE_STANDARD = "gnu++0x";
				CLANG_CXX_LIBRARY = "libc++";
				CLANG_ENABLE_MODULES = YES;
				CLANG_ENABLE_OBJC_ARC = YES;
				CLANG_WARN_BOOL_CONVERSION = YES;
				CLANG_WARN_CONSTANT_CONVERSION = YES;
				CLANG_WARN_DIRECT_OBJC_ISA_USAGE = YES_ERROR;
				CLANG_WARN_DOCUMENTATION_COMMENTS = YES;
				CLANG_WARN_EMPTY_BODY = YES;
				CLANG_WARN_ENUM_CONVERSION = YES;
				CLANG_WARN_INFINITE_RECURSION = YES;
				CLANG_WARN_INT_CONVERSION = YES;
				CLANG_WARN_OBJC_ROOT_CLASS = YES_ERROR;
				CLANG_WARN_SUSPICIOUS_MOVE = YES;
				CLANG_WARN_UNREACHABLE_CODE = YES;
				CLANG_WARN__DUPLICATE_METHOD_MATCH = YES;
				"CODE_SIGN_IDENTITY[sdk=iphoneos*]" = "iPhone Developer";
				COPY_PHASE_STRIP = NO;
				DEBUG_INFORMATION_FORMAT = dwarf;
				ENABLE_STRICT_OBJC_MSGSEND = YES;
				ENABLE_TESTABILITY = YES;
				GCC_C_LANGUAGE_STANDARD = gnu99;
				GCC_DYNAMIC_NO_PIC = NO;
				GCC_NO_COMMON_BLOCKS = YES;
				GCC_OPTIMIZATION_LEVEL = 0;
				GCC_PREPROCESSOR_DEFINITIONS = (
					"DEBUG=1",
					"$(inherited)",
				);
				GCC_WARN_64_TO_32_BIT_CONVERSION = YES;
				GCC_WARN_ABOUT_RETURN_TYPE = YES_ERROR;
				GCC_WARN_UNDECLARED_SELECTOR = YES;
				GCC_WARN_UNINITIALIZED_AUTOS = YES_AGGRESSIVE;
				GCC_WARN_UNUSED_FUNCTION = YES;
				GCC_WARN_UNUSED_VARIABLE = YES;
				INFOPLIST_FILE = "";
				IPHONEOS_DEPLOYMENT_TARGET = 10.3;
				MTL_ENABLE_DEBUG_INFO = YES;
				ONLY_ACTIVE_ARCH = YES;
				SDKROOT = iphoneos;
				SWIFT_ACTIVE_COMPILATION_CONDITIONS = DEBUG;
				SWIFT_OPTIMIZATION_LEVEL = "-Onone";
				TARGETED_DEVICE_FAMILY = "1,2";
			};
			name = Debug;
		};
		A2FB8AE81F2B4F4B00F20C20 /* Release */ = {
			isa = XCBuildConfiguration;
			buildSettings = {
				ALWAYS_SEARCH_USER_PATHS = NO;
				CLANG_ANALYZER_LOCALIZABILITY_NONLOCALIZED = YES;
				CLANG_ANALYZER_NONNULL = YES;
				CLANG_ANALYZER_NUMBER_OBJECT_CONVERSION = YES_AGGRESSIVE;
				CLANG_CXX_LANGUAGE_STANDARD = "gnu++0x";
				CLANG_CXX_LIBRARY = "libc++";
				CLANG_ENABLE_MODULES = YES;
				CLANG_ENABLE_OBJC_ARC = YES;
				CLANG_WARN_BOOL_CONVERSION = YES;
				CLANG_WARN_CONSTANT_CONVERSION = YES;
				CLANG_WARN_DIRECT_OBJC_ISA_USAGE = YES_ERROR;
				CLANG_WARN_DOCUMENTATION_COMMENTS = YES;
				CLANG_WARN_EMPTY_BODY = YES;
				CLANG_WARN_ENUM_CONVERSION = YES;
				CLANG_WARN_INFINITE_RECURSION = YES;
				CLANG_WARN_INT_CONVERSION = YES;
				CLANG_WARN_OBJC_ROOT_CLASS = YES_ERROR;
				CLANG_WARN_SUSPICIOUS_MOVE = YES;
				CLANG_WARN_UNREACHABLE_CODE = YES;
				CLANG_WARN__DUPLICATE_METHOD_MATCH = YES;
				"CODE_SIGN_IDENTITY[sdk=iphoneos*]" = "iPhone Developer";
				COPY_PHASE_STRIP = NO;
				DEBUG_INFORMATION_FORMAT = "dwarf-with-dsym";
				ENABLE_NS_ASSERTIONS = NO;
				ENABLE_STRICT_OBJC_MSGSEND = YES;
				GCC_C_LANGUAGE_STANDARD = gnu99;
				GCC_NO_COMMON_BLOCKS = YES;
				GCC_WARN_64_TO_32_BIT_CONVERSION = YES;
				GCC_WARN_ABOUT_RETURN_TYPE = YES_ERROR;
				GCC_WARN_UNDECLARED_SELECTOR = YES;
				GCC_WARN_UNINITIALIZED_AUTOS = YES_AGGRESSIVE;
				GCC_WARN_UNUSED_FUNCTION = YES;
				GCC_WARN_UNUSED_VARIABLE = YES;
				INFOPLIST_FILE = "";
				IPHONEOS_DEPLOYMENT_TARGET = 10.3;
				MTL_ENABLE_DEBUG_INFO = NO;
				SDKROOT = iphoneos;
				SWIFT_OPTIMIZATION_LEVEL = "-Owholemodule";
				TARGETED_DEVICE_FAMILY = "1,2";
				VALIDATE_PRODUCT = YES;
			};
			name = Release;
		};
		A2FB8AEA1F2B4F4B00F20C20 /* Debug */ = {
			isa = XCBuildConfiguration;
			baseConfigurationReference = 205C09492ADD92C55490EB28 /* Pods-Contri.debug.xcconfig */;
			buildSettings = {
				ASSETCATALOG_COMPILER_APPICON_NAME = AppIcon;
				DEVELOPMENT_TEAM = XP4ZX6RW5E;
				INFOPLIST_FILE = "$(SRCROOT)/Contri/Application/Info.plist";
				IPHONEOS_DEPLOYMENT_TARGET = 10.0;
				LD_RUNPATH_SEARCH_PATHS = "$(inherited) @executable_path/Frameworks";
				PRODUCT_BUNDLE_IDENTIFIER = masaya.inaba.Contri;
				PRODUCT_NAME = "$(TARGET_NAME)";
				SWIFT_VERSION = 3.0;
			};
			name = Debug;
		};
		A2FB8AEB1F2B4F4B00F20C20 /* Release */ = {
			isa = XCBuildConfiguration;
			baseConfigurationReference = 882F50FAA2F3D0527CEDDE64 /* Pods-Contri.release.xcconfig */;
			buildSettings = {
				ASSETCATALOG_COMPILER_APPICON_NAME = AppIcon;
				DEVELOPMENT_TEAM = XP4ZX6RW5E;
				INFOPLIST_FILE = "$(SRCROOT)/Contri/Application/Info.plist";
				IPHONEOS_DEPLOYMENT_TARGET = 10.0;
				LD_RUNPATH_SEARCH_PATHS = "$(inherited) @executable_path/Frameworks";
				PRODUCT_BUNDLE_IDENTIFIER = masaya.inaba.Contri;
				PRODUCT_NAME = "$(TARGET_NAME)";
				SWIFT_VERSION = 3.0;
			};
			name = Release;
		};
/* End XCBuildConfiguration section */

/* Begin XCConfigurationList section */
		A2FB8AD21F2B4F4B00F20C20 /* Build configuration list for PBXProject "Contri" */ = {
			isa = XCConfigurationList;
			buildConfigurations = (
				A2FB8AE71F2B4F4B00F20C20 /* Debug */,
				A2FB8AE81F2B4F4B00F20C20 /* Release */,
			);
			defaultConfigurationIsVisible = 0;
			defaultConfigurationName = Release;
		};
		A2FB8AE91F2B4F4B00F20C20 /* Build configuration list for PBXNativeTarget "Contri" */ = {
			isa = XCConfigurationList;
			buildConfigurations = (
				A2FB8AEA1F2B4F4B00F20C20 /* Debug */,
				A2FB8AEB1F2B4F4B00F20C20 /* Release */,
			);
			defaultConfigurationIsVisible = 0;
			defaultConfigurationName = Release;
		};
/* End XCConfigurationList section */
	};
	rootObject = A2FB8ACF1F2B4F4B00F20C20 /* Project object */;
}
